// !$*UTF8*$!
{
	archiveVersion = 1;
	classes = {
	};
	objectVersion = 46;
	objects = {

/* Begin PBXBuildFile section */
		0905FD6F1B512DE800D53B28 /* AppDelegate.swift in Sources */ = {isa = PBXBuildFile; fileRef = 0905FD6E1B512DE800D53B28 /* AppDelegate.swift */; };
		0905FD711B512DE800D53B28 /* ConversationViewController.swift in Sources */ = {isa = PBXBuildFile; fileRef = 0905FD701B512DE800D53B28 /* ConversationViewController.swift */; };
		0905FD741B512DE800D53B28 /* Main.storyboard in Resources */ = {isa = PBXBuildFile; fileRef = 0905FD721B512DE800D53B28 /* Main.storyboard */; };
		0905FD761B512DE800D53B28 /* Assets.xcassets in Resources */ = {isa = PBXBuildFile; fileRef = 0905FD751B512DE800D53B28 /* Assets.xcassets */; };
		0905FD791B512DE800D53B28 /* LaunchScreen.storyboard in Resources */ = {isa = PBXBuildFile; fileRef = 0905FD771B512DE800D53B28 /* LaunchScreen.storyboard */; };
		0905FD811B5134DD00D53B28 /* Podfile in Resources */ = {isa = PBXBuildFile; fileRef = 0905FD801B5134DD00D53B28 /* Podfile */; };
		09068D4E1B6D0FA6001EDA4E /* SwiftNotice.swift in Sources */ = {isa = PBXBuildFile; fileRef = 09068D4D1B6D0FA6001EDA4E /* SwiftNotice.swift */; };
		090C0EF11B6BBC0100C26833 /* Logoin.storyboard in Resources */ = {isa = PBXBuildFile; fileRef = 090C0EEF1B6BBC0100C26833 /* Logoin.storyboard */; };
		090C0EF31B6BBC6A00C26833 /* RegistTableViewController.swift in Sources */ = {isa = PBXBuildFile; fileRef = 090C0EF21B6BBC6A00C26833 /* RegistTableViewController.swift */; };
		092BD8121B5FE0D500CA3EBC /* LoginViewController.swift in Sources */ = {isa = PBXBuildFile; fileRef = 092BD8111B5FE0D500CA3EBC /* LoginViewController.swift */; };
		092BD8141B5FE41200CA3EBC /* RoundImageView.swift in Sources */ = {isa = PBXBuildFile; fileRef = 092BD8131B5FE41200CA3EBC /* RoundImageView.swift */; };
		099CC0A31B70FA5F001144A9 /* UITextBox.swift in Sources */ = {isa = PBXBuildFile; fileRef = 099CC0A21B70FA5F001144A9 /* UITextBox.swift */; };
		09AA1B741B515C7E004F2159 /* Conversation.storyboard in Resources */ = {isa = PBXBuildFile; fileRef = 09AA1B721B515C7E004F2159 /* Conversation.storyboard */; };
		09AA1B771B515CAE004F2159 /* Contact.storyboard in Resources */ = {isa = PBXBuildFile; fileRef = 09AA1B751B515CAE004F2159 /* Contact.storyboard */; };
		09AA1B7A1B515CD6004F2159 /* Server.storyboard in Resources */ = {isa = PBXBuildFile; fileRef = 09AA1B781B515CD6004F2159 /* Server.storyboard */; };
		09AA1B7D1B515CEF004F2159 /* About.storyboard in Resources */ = {isa = PBXBuildFile; fileRef = 09AA1B7B1B515CEF004F2159 /* About.storyboard */; };
		09AA1B7F1B516080004F2159 /* ConversationListViewController.swift in Sources */ = {isa = PBXBuildFile; fileRef = 09AA1B7E1B516080004F2159 /* ConversationListViewController.swift */; };
		4DD1286CA783D355148B3719 /* libPods.a in Frameworks */ = {isa = PBXBuildFile; fileRef = DDB495C2C52A36AE0AD93F02 /* libPods.a */; };
/* End PBXBuildFile section */

/* Begin PBXFileReference section */
		0905FD6B1B512DE800D53B28 /* ChatMe.app */ = {isa = PBXFileReference; explicitFileType = wrapper.application; includeInIndex = 0; path = ChatMe.app; sourceTree = BUILT_PRODUCTS_DIR; };
		0905FD6E1B512DE800D53B28 /* AppDelegate.swift */ = {isa = PBXFileReference; lastKnownFileType = sourcecode.swift; path = AppDelegate.swift; sourceTree = "<group>"; };
		0905FD701B512DE800D53B28 /* ConversationViewController.swift */ = {isa = PBXFileReference; lastKnownFileType = sourcecode.swift; path = ConversationViewController.swift; sourceTree = "<group>"; };
		0905FD731B512DE800D53B28 /* Base */ = {isa = PBXFileReference; lastKnownFileType = file.storyboard; name = Base; path = Base.lproj/Main.storyboard; sourceTree = "<group>"; };
		0905FD751B512DE800D53B28 /* Assets.xcassets */ = {isa = PBXFileReference; lastKnownFileType = folder.assetcatalog; path = Assets.xcassets; sourceTree = "<group>"; };
		0905FD781B512DE800D53B28 /* Base */ = {isa = PBXFileReference; lastKnownFileType = file.storyboard; name = Base; path = Base.lproj/LaunchScreen.storyboard; sourceTree = "<group>"; };
		0905FD7A1B512DE800D53B28 /* Info.plist */ = {isa = PBXFileReference; lastKnownFileType = text.plist.xml; path = Info.plist; sourceTree = "<group>"; };
		0905FD801B5134DD00D53B28 /* Podfile */ = {isa = PBXFileReference; fileEncoding = 4; lastKnownFileType = text; path = Podfile; sourceTree = "<group>"; };
		09068D4D1B6D0FA6001EDA4E /* SwiftNotice.swift */ = {isa = PBXFileReference; fileEncoding = 4; lastKnownFileType = sourcecode.swift; path = SwiftNotice.swift; sourceTree = "<group>"; };
		090C0EF01B6BBC0100C26833 /* Base */ = {isa = PBXFileReference; lastKnownFileType = file.storyboard; name = Base; path = Base.lproj/Logoin.storyboard; sourceTree = "<group>"; };
		090C0EF21B6BBC6A00C26833 /* RegistTableViewController.swift */ = {isa = PBXFileReference; fileEncoding = 4; lastKnownFileType = sourcecode.swift; path = RegistTableViewController.swift; sourceTree = "<group>"; };
		092BD8111B5FE0D500CA3EBC /* LoginViewController.swift */ = {isa = PBXFileReference; fileEncoding = 4; lastKnownFileType = sourcecode.swift; path = LoginViewController.swift; sourceTree = "<group>"; };
		092BD8131B5FE41200CA3EBC /* RoundImageView.swift */ = {isa = PBXFileReference; fileEncoding = 4; lastKnownFileType = sourcecode.swift; path = RoundImageView.swift; sourceTree = "<group>"; };
		099CC0A21B70FA5F001144A9 /* UITextBox.swift */ = {isa = PBXFileReference; fileEncoding = 4; lastKnownFileType = sourcecode.swift; path = UITextBox.swift; sourceTree = "<group>"; };
		09AA1B6C1B513B5B004F2159 /* ChatMe-Bridging-Header.h */ = {isa = PBXFileReference; lastKnownFileType = sourcecode.c.h; path = "ChatMe-Bridging-Header.h"; sourceTree = "<group>"; };
		09AA1B731B515C7E004F2159 /* Base */ = {isa = PBXFileReference; lastKnownFileType = file.storyboard; name = Base; path = Base.lproj/Conversation.storyboard; sourceTree = "<group>"; };
		09AA1B761B515CAE004F2159 /* Base */ = {isa = PBXFileReference; lastKnownFileType = file.storyboard; name = Base; path = Base.lproj/Contact.storyboard; sourceTree = "<group>"; };
		09AA1B791B515CD6004F2159 /* Base */ = {isa = PBXFileReference; lastKnownFileType = file.storyboard; name = Base; path = Base.lproj/Server.storyboard; sourceTree = "<group>"; };
		09AA1B7C1B515CEF004F2159 /* Base */ = {isa = PBXFileReference; lastKnownFileType = file.storyboard; name = Base; path = Base.lproj/About.storyboard; sourceTree = "<group>"; };
		09AA1B7E1B516080004F2159 /* ConversationListViewController.swift */ = {isa = PBXFileReference; fileEncoding = 4; lastKnownFileType = sourcecode.swift; path = ConversationListViewController.swift; sourceTree = "<group>"; };
		311084C4E4646D4F4AA0212D /* Pods.release.xcconfig */ = {isa = PBXFileReference; includeInIndex = 1; lastKnownFileType = text.xcconfig; name = Pods.release.xcconfig; path = "Pods/Target Support Files/Pods/Pods.release.xcconfig"; sourceTree = "<group>"; };
		913CE257697D7815F2324B43 /* Pods.debug.xcconfig */ = {isa = PBXFileReference; includeInIndex = 1; lastKnownFileType = text.xcconfig; name = Pods.debug.xcconfig; path = "Pods/Target Support Files/Pods/Pods.debug.xcconfig"; sourceTree = "<group>"; };
		DDB495C2C52A36AE0AD93F02 /* libPods.a */ = {isa = PBXFileReference; explicitFileType = archive.ar; includeInIndex = 0; path = libPods.a; sourceTree = BUILT_PRODUCTS_DIR; };
/* End PBXFileReference section */

/* Begin PBXFrameworksBuildPhase section */
		0905FD681B512DE800D53B28 /* Frameworks */ = {
			isa = PBXFrameworksBuildPhase;
			buildActionMask = 2147483647;
			files = (
				4DD1286CA783D355148B3719 /* libPods.a in Frameworks */,
			);
			runOnlyForDeploymentPostprocessing = 0;
		};
/* End PBXFrameworksBuildPhase section */

/* Begin PBXGroup section */
		0905FD621B512DE800D53B28 = {
			isa = PBXGroup;
			children = (
				0905FD801B5134DD00D53B28 /* Podfile */,
				0905FD6D1B512DE800D53B28 /* ChatMe */,
				0905FD6C1B512DE800D53B28 /* Products */,
				D4BD3A76DF7973D007E5F721 /* Pods */,
				DB43BECF1FCBD9F8B346D097 /* Frameworks */,
			);
			sourceTree = "<group>";
		};
		0905FD6C1B512DE800D53B28 /* Products */ = {
			isa = PBXGroup;
			children = (
				0905FD6B1B512DE800D53B28 /* ChatMe.app */,
			);
			name = Products;
			sourceTree = "<group>";
		};
		0905FD6D1B512DE800D53B28 /* ChatMe */ = {
			isa = PBXGroup;
			children = (
				0905FD6E1B512DE800D53B28 /* AppDelegate.swift */,
				0905FD701B512DE800D53B28 /* ConversationViewController.swift */,
				09AA1B7E1B516080004F2159 /* ConversationListViewController.swift */,
				092BD8111B5FE0D500CA3EBC /* LoginViewController.swift */,
				092BD8131B5FE41200CA3EBC /* RoundImageView.swift */,
				090C0EF21B6BBC6A00C26833 /* RegistTableViewController.swift */,
				0905FD721B512DE800D53B28 /* Main.storyboard */,
				090C0EEF1B6BBC0100C26833 /* Logoin.storyboard */,
				09AA1B7B1B515CEF004F2159 /* About.storyboard */,
				09AA1B781B515CD6004F2159 /* Server.storyboard */,
				09AA1B751B515CAE004F2159 /* Contact.storyboard */,
				09AA1B721B515C7E004F2159 /* Conversation.storyboard */,
				0905FD751B512DE800D53B28 /* Assets.xcassets */,
				0905FD771B512DE800D53B28 /* LaunchScreen.storyboard */,
				0905FD7A1B512DE800D53B28 /* Info.plist */,
				099CC0A41B70FA74001144A9 /* 3thLib */,
				09AA1B6C1B513B5B004F2159 /* ChatMe-Bridging-Header.h */,
			);
			path = ChatMe;
			sourceTree = "<group>";
		};
		099CC0A41B70FA74001144A9 /* 3thLib */ = {
			isa = PBXGroup;
			children = (
				09068D4D1B6D0FA6001EDA4E /* SwiftNotice.swift */,
				099CC0A21B70FA5F001144A9 /* UITextBox.swift */,
			);
			name = 3thLib;
			sourceTree = "<group>";
		};
		D4BD3A76DF7973D007E5F721 /* Pods */ = {
			isa = PBXGroup;
			children = (
				913CE257697D7815F2324B43 /* Pods.debug.xcconfig */,
				311084C4E4646D4F4AA0212D /* Pods.release.xcconfig */,
			);
			name = Pods;
			sourceTree = "<group>";
		};
		DB43BECF1FCBD9F8B346D097 /* Frameworks */ = {
			isa = PBXGroup;
			children = (
				DDB495C2C52A36AE0AD93F02 /* libPods.a */,
			);
			name = Frameworks;
			sourceTree = "<group>";
		};
/* End PBXGroup section */

/* Begin PBXNativeTarget section */
		0905FD6A1B512DE800D53B28 /* ChatMe */ = {
			isa = PBXNativeTarget;
			buildConfigurationList = 0905FD7D1B512DE800D53B28 /* Build configuration list for PBXNativeTarget "ChatMe" */;
			buildPhases = (
				DCC3E1236DC3687DDD5FD640 /* Check Pods Manifest.lock */,
				0905FD671B512DE800D53B28 /* Sources */,
				0905FD681B512DE800D53B28 /* Frameworks */,
				0905FD691B512DE800D53B28 /* Resources */,
				6AAFF6A4A63D3CE3B12281DE /* Copy Pods Resources */,
			);
			buildRules = (
			);
			dependencies = (
			);
			name = ChatMe;
			productName = ChatMe;
			productReference = 0905FD6B1B512DE800D53B28 /* ChatMe.app */;
			productType = "com.apple.product-type.application";
		};
/* End PBXNativeTarget section */

/* Begin PBXProject section */
		0905FD631B512DE800D53B28 /* Project object */ = {
			isa = PBXProject;
			attributes = {
				LastSwiftUpdateCheck = 0700;
				LastUpgradeCheck = 0700;
				ORGANIZATIONNAME = "Beijing Gold Finger Education Technology LLC";
				TargetAttributes = {
					0905FD6A1B512DE800D53B28 = {
						CreatedOnToolsVersion = 7.0;
					};
				};
			};
			buildConfigurationList = 0905FD661B512DE800D53B28 /* Build configuration list for PBXProject "ChatMe" */;
			compatibilityVersion = "Xcode 3.2";
			developmentRegion = English;
			hasScannedForEncodings = 0;
			knownRegions = (
				en,
				Base,
			);
			mainGroup = 0905FD621B512DE800D53B28;
			productRefGroup = 0905FD6C1B512DE800D53B28 /* Products */;
			projectDirPath = "";
			projectRoot = "";
			targets = (
				0905FD6A1B512DE800D53B28 /* ChatMe */,
			);
		};
/* End PBXProject section */

/* Begin PBXResourcesBuildPhase section */
		0905FD691B512DE800D53B28 /* Resources */ = {
			isa = PBXResourcesBuildPhase;
			buildActionMask = 2147483647;
			files = (
				0905FD791B512DE800D53B28 /* LaunchScreen.storyboard in Resources */,
				09AA1B771B515CAE004F2159 /* Contact.storyboard in Resources */,
				090C0EF11B6BBC0100C26833 /* Logoin.storyboard in Resources */,
				09AA1B7D1B515CEF004F2159 /* About.storyboard in Resources */,
				0905FD761B512DE800D53B28 /* Assets.xcassets in Resources */,
				09AA1B7A1B515CD6004F2159 /* Server.storyboard in Resources */,
				09AA1B741B515C7E004F2159 /* Conversation.storyboard in Resources */,
				0905FD811B5134DD00D53B28 /* Podfile in Resources */,
				0905FD741B512DE800D53B28 /* Main.storyboard in Resources */,
			);
			runOnlyForDeploymentPostprocessing = 0;
		};
/* End PBXResourcesBuildPhase section */

/* Begin PBXShellScriptBuildPhase section */
		6AAFF6A4A63D3CE3B12281DE /* Copy Pods Resources */ = {
			isa = PBXShellScriptBuildPhase;
			buildActionMask = 2147483647;
			files = (
			);
			inputPaths = (
			);
			name = "Copy Pods Resources";
			outputPaths = (
			);
			runOnlyForDeploymentPostprocessing = 0;
			shellPath = /bin/sh;
			shellScript = "\"${SRCROOT}/Pods/Target Support Files/Pods/Pods-resources.sh\"\n";
			showEnvVarsInLog = 0;
		};
		DCC3E1236DC3687DDD5FD640 /* Check Pods Manifest.lock */ = {
			isa = PBXShellScriptBuildPhase;
			buildActionMask = 2147483647;
			files = (
			);
			inputPaths = (
			);
			name = "Check Pods Manifest.lock";
			outputPaths = (
			);
			runOnlyForDeploymentPostprocessing = 0;
			shellPath = /bin/sh;
			shellScript = "diff \"${PODS_ROOT}/../Podfile.lock\" \"${PODS_ROOT}/Manifest.lock\" > /dev/null\nif [[ $? != 0 ]] ; then\n    cat << EOM\nerror: The sandbox is not in sync with the Podfile.lock. Run 'pod install' or update your CocoaPods installation.\nEOM\n    exit 1\nfi\n";
			showEnvVarsInLog = 0;
		};
/* End PBXShellScriptBuildPhase section */

/* Begin PBXSourcesBuildPhase section */
		0905FD671B512DE800D53B28 /* Sources */ = {
			isa = PBXSourcesBuildPhase;
			buildActionMask = 2147483647;
			files = (
				092BD8141B5FE41200CA3EBC /* RoundImageView.swift in Sources */,
				092BD8121B5FE0D500CA3EBC /* LoginViewController.swift in Sources */,
				09AA1B7F1B516080004F2159 /* ConversationListViewController.swift in Sources */,
				0905FD711B512DE800D53B28 /* ConversationViewController.swift in Sources */,
				0905FD6F1B512DE800D53B28 /* AppDelegate.swift in Sources */,
				09068D4E1B6D0FA6001EDA4E /* SwiftNotice.swift in Sources */,
				099CC0A31B70FA5F001144A9 /* UITextBox.swift in Sources */,
				090C0EF31B6BBC6A00C26833 /* RegistTableViewController.swift in Sources */,
			);
			runOnlyForDeploymentPostprocessing = 0;
		};
/* End PBXSourcesBuildPhase section */

/* Begin PBXVariantGroup section */
		0905FD721B512DE800D53B28 /* Main.storyboard */ = {
			isa = PBXVariantGroup;
			children = (
				0905FD731B512DE800D53B28 /* Base */,
			);
			name = Main.storyboard;
			sourceTree = "<group>";
		};
		0905FD771B512DE800D53B28 /* LaunchScreen.storyboard */ = {
			isa = PBXVariantGroup;
			children = (
				0905FD781B512DE800D53B28 /* Base */,
			);
			name = LaunchScreen.storyboard;
			sourceTree = "<group>";
		};
		090C0EEF1B6BBC0100C26833 /* Logoin.storyboard */ = {
			isa = PBXVariantGroup;
			children = (
				090C0EF01B6BBC0100C26833 /* Base */,
			);
			name = Logoin.storyboard;
			sourceTree = "<group>";
		};
		09AA1B721B515C7E004F2159 /* Conversation.storyboard */ = {
			isa = PBXVariantGroup;
			children = (
				09AA1B731B515C7E004F2159 /* Base */,
			);
			name = Conversation.storyboard;
			sourceTree = "<group>";
		};
		09AA1B751B515CAE004F2159 /* Contact.storyboard */ = {
			isa = PBXVariantGroup;
			children = (
				09AA1B761B515CAE004F2159 /* Base */,
			);
			name = Contact.storyboard;
			sourceTree = "<group>";
		};
		09AA1B781B515CD6004F2159 /* Server.storyboard */ = {
			isa = PBXVariantGroup;
			children = (
				09AA1B791B515CD6004F2159 /* Base */,
			);
			name = Server.storyboard;
			sourceTree = "<group>";
		};
		09AA1B7B1B515CEF004F2159 /* About.storyboard */ = {
			isa = PBXVariantGroup;
			children = (
				09AA1B7C1B515CEF004F2159 /* Base */,
			);
			name = About.storyboard;
			sourceTree = "<group>";
		};
/* End PBXVariantGroup section */

/* Begin XCBuildConfiguration section */
		0905FD7B1B512DE800D53B28 /* Debug */ = {
			isa = XCBuildConfiguration;
			buildSettings = {
				ALWAYS_SEARCH_USER_PATHS = NO;
				CLANG_CXX_LANGUAGE_STANDARD = "gnu++0x";
				CLANG_CXX_LIBRARY = "libc++";
				CLANG_ENABLE_MODULES = YES;
				CLANG_ENABLE_OBJC_ARC = YES;
				CLANG_WARN_BOOL_CONVERSION = YES;
				CLANG_WARN_CONSTANT_CONVERSION = YES;
				CLANG_WARN_DIRECT_OBJC_ISA_USAGE = YES_ERROR;
				CLANG_WARN_EMPTY_BODY = YES;
				CLANG_WARN_ENUM_CONVERSION = YES;
				CLANG_WARN_INT_CONVERSION = YES;
				CLANG_WARN_OBJC_ROOT_CLASS = YES_ERROR;
				CLANG_WARN_UNREACHABLE_CODE = YES;
				CLANG_WARN__DUPLICATE_METHOD_MATCH = YES;
				"CODE_SIGN_IDENTITY[sdk=iphoneos*]" = "iPhone Developer";
				COPY_PHASE_STRIP = NO;
				DEBUG_INFORMATION_FORMAT = dwarf;
				ENABLE_STRICT_OBJC_MSGSEND = YES;
				ENABLE_TESTABILITY = YES;
				GCC_C_LANGUAGE_STANDARD = gnu99;
				GCC_DYNAMIC_NO_PIC = NO;
				GCC_NO_COMMON_BLOCKS = YES;
				GCC_OPTIMIZATION_LEVEL = 0;
				GCC_PREPROCESSOR_DEFINITIONS = (
					"DEBUG=1",
					"$(inherited)",
				);
				GCC_WARN_64_TO_32_BIT_CONVERSION = YES;
				GCC_WARN_ABOUT_RETURN_TYPE = YES_ERROR;
				GCC_WARN_UNDECLARED_SELECTOR = YES;
				GCC_WARN_UNINITIALIZED_AUTOS = YES_AGGRESSIVE;
				GCC_WARN_UNUSED_FUNCTION = YES;
				GCC_WARN_UNUSED_VARIABLE = YES;
				IPHONEOS_DEPLOYMENT_TARGET = 9.0;
				MTL_ENABLE_DEBUG_INFO = YES;
				ONLY_ACTIVE_ARCH = YES;
				SDKROOT = iphoneos;
				SWIFT_OPTIMIZATION_LEVEL = "-Onone";
			};
			name = Debug;
		};
		0905FD7C1B512DE800D53B28 /* Release */ = {
			isa = XCBuildConfiguration;
			buildSettings = {
				ALWAYS_SEARCH_USER_PATHS = NO;
				CLANG_CXX_LANGUAGE_STANDARD = "gnu++0x";
				CLANG_CXX_LIBRARY = "libc++";
				CLANG_ENABLE_MODULES = YES;
				CLANG_ENABLE_OBJC_ARC = YES;
				CLANG_WARN_BOOL_CONVERSION = YES;
				CLANG_WARN_CONSTANT_CONVERSION = YES;
				CLANG_WARN_DIRECT_OBJC_ISA_USAGE = YES_ERROR;
				CLANG_WARN_EMPTY_BODY = YES;
				CLANG_WARN_ENUM_CONVERSION = YES;
				CLANG_WARN_INT_CONVERSION = YES;
				CLANG_WARN_OBJC_ROOT_CLASS = YES_ERROR;
				CLANG_WARN_UNREACHABLE_CODE = YES;
				CLANG_WARN__DUPLICATE_METHOD_MATCH = YES;
				"CODE_SIGN_IDENTITY[sdk=iphoneos*]" = "iPhone Developer";
				COPY_PHASE_STRIP = NO;
				DEBUG_INFORMATION_FORMAT = "dwarf-with-dsym";
				ENABLE_NS_ASSERTIONS = NO;
				ENABLE_STRICT_OBJC_MSGSEND = YES;
				GCC_C_LANGUAGE_STANDARD = gnu99;
				GCC_NO_COMMON_BLOCKS = YES;
				GCC_WARN_64_TO_32_BIT_CONVERSION = YES;
				GCC_WARN_ABOUT_RETURN_TYPE = YES_ERROR;
				GCC_WARN_UNDECLARED_SELECTOR = YES;
				GCC_WARN_UNINITIALIZED_AUTOS = YES_AGGRESSIVE;
				GCC_WARN_UNUSED_FUNCTION = YES;
				GCC_WARN_UNUSED_VARIABLE = YES;
				IPHONEOS_DEPLOYMENT_TARGET = 9.0;
				MTL_ENABLE_DEBUG_INFO = NO;
				SDKROOT = iphoneos;
				VALIDATE_PRODUCT = YES;
			};
			name = Release;
		};
		0905FD7E1B512DE800D53B28 /* Debug */ = {
			isa = XCBuildConfiguration;
			baseConfigurationReference = 913CE257697D7815F2324B43 /* Pods.debug.xcconfig */;
			buildSettings = {
				ASSETCATALOG_COMPILER_APPICON_NAME = AppIcon;
				CLANG_ENABLE_MODULES = YES;
				INFOPLIST_FILE = ChatMe/Info.plist;
				LD_RUNPATH_SEARCH_PATHS = "$(inherited) @executable_path/Frameworks";
				PRODUCT_BUNDLE_IDENTIFIER = com.ibaby.ChatMe;
				PRODUCT_NAME = "$(TARGET_NAME)";
				SWIFT_OBJC_BRIDGING_HEADER = "ChatMe/ChatMe-Bridging-Header.h";
				SWIFT_OPTIMIZATION_LEVEL = "-Onone";
			};
			name = Debug;
		};
		0905FD7F1B512DE800D53B28 /* Release */ = {
			isa = XCBuildConfiguration;
			baseConfigurationReference = 311084C4E4646D4F4AA0212D /* Pods.release.xcconfig */;
			buildSettings = {
				ASSETCATALOG_COMPILER_APPICON_NAME = AppIcon;
				CLANG_ENABLE_MODULES = YES;
				INFOPLIST_FILE = ChatMe/Info.plist;
				LD_RUNPATH_SEARCH_PATHS = "$(inherited) @executable_path/Frameworks";
				PRODUCT_BUNDLE_IDENTIFIER = com.ibaby.ChatMe;
				PRODUCT_NAME = "$(TARGET_NAME)";
				SWIFT_OBJC_BRIDGING_HEADER = "ChatMe/ChatMe-Bridging-Header.h";
			};
			name = Release;
		};
/* End XCBuildConfiguration section */

/* Begin XCConfigurationList section */
		0905FD661B512DE800D53B28 /* Build configuration list for PBXProject "ChatMe" */ = {
			isa = XCConfigurationList;
			buildConfigurations = (
				0905FD7B1B512DE800D53B28 /* Debug */,
				0905FD7C1B512DE800D53B28 /* Release */,
			);
			defaultConfigurationIsVisible = 0;
			defaultConfigurationName = Release;
		};
		0905FD7D1B512DE800D53B28 /* Build configuration list for PBXNativeTarget "ChatMe" */ = {
			isa = XCConfigurationList;
			buildConfigurations = (
				0905FD7E1B512DE800D53B28 /* Debug */,
				0905FD7F1B512DE800D53B28 /* Release */,
			);
			defaultConfigurationIsVisible = 0;
			defaultConfigurationName = Release;
		};
/* End XCConfigurationList section */
	};
	rootObject = 0905FD631B512DE800D53B28 /* Project object */;
}
